
Microsoft Visual Studio Solution File, Format Version 12.00
# Visual Studio 15
Project("{FAE04EC0-301F-11D3-BF4B-00C04F79EFBC}") = "Попыка 0", "Попыка 0.csproj", "{DE83A74B-576A-3605-2B0C-DC7EF32AC756}"
EndProject
Global
	GlobalSection(SolutionConfigurationPlatforms) = preSolution
		Debug|Any CPU = Debug|Any CPU
		Release|Any CPU = Release|Any CPU
	EndGlobalSection
	GlobalSection(ProjectConfigurationPlatforms) = postSolution
		{DE83A74B-576A-3605-2B0C-DC7EF32AC756}.Debug|Any CPU.ActiveCfg = Debug|Any CPU
		{DE83A74B-576A-3605-2B0C-DC7EF32AC756}.Debug|Any CPU.Build.0 = Debug|Any CPU
		{DE83A74B-576A-3605-2B0C-DC7EF32AC756}.Release|Any CPU.ActiveCfg = Release|Any CPU
		{DE83A74B-576A-3605-2B0C-DC7EF32AC756}.Release|Any CPU.Build.0 = Release|Any CPU
	EndGlobalSection
	GlobalSection(SolutionProperties) = preSolution
		HideSolutionNode = FALSE
	EndGlobalSection
EndGlobal
